
Microsoft Visual Studio Solution File, Format Version 12.00
# Visual Studio Version 16
VisualStudioVersion = 16.0.31613.86
MinimumVisualStudioVersion = 10.0.40219.1
Project("{8BC9CEB8-8B4A-11D0-8D11-00A0C91BC942}") = "losowanie zawodnikow", "losowanie zawodnikow\losowanie zawodnikow.vcxproj", "{60A2C2F9-C80B-4C45-82BA-9EB644496767}"
EndProject
Global
	GlobalSection(SolutionConfigurationPlatforms) = preSolution
		Debug|x64 = Debug|x64
		Debug|x86 = Debug|x86
		Release|x64 = Release|x64
		Release|x86 = Release|x86
	EndGlobalSection
	GlobalSection(ProjectConfigurationPlatforms) = postSolution
		{60A2C2F9-C80B-4C45-82BA-9EB644496767}.Debug|x64.ActiveCfg = Debug|x64
		{60A2C2F9-C80B-4C45-82BA-9EB644496767}.Debug|x64.Build.0 = Debug|x64
		{60A2C2F9-C80B-4C45-82BA-9EB644496767}.Debug|x86.ActiveCfg = Debug|Win32
		{60A2C2F9-C80B-4C45-82BA-9EB644496767}.Debug|x86.Build.0 = Debug|Win32
		{60A2C2F9-C80B-4C45-82BA-9EB644496767}.Release|x64.ActiveCfg = Release|x64
		{60A2C2F9-C80B-4C45-82BA-9EB644496767}.Release|x64.Build.0 = Release|x64
		{60A2C2F9-C80B-4C45-82BA-9EB644496767}.Release|x86.ActiveCfg = Release|Win32
		{60A2C2F9-C80B-4C45-82BA-9EB644496767}.Release|x86.Build.0 = Release|Win32
	EndGlobalSection
	GlobalSection(SolutionProperties) = preSolution
		HideSolutionNode = FALSE
	EndGlobalSection
	GlobalSection(ExtensibilityGlobals) = postSolution
		SolutionGuid = {7C83E8D3-9C31-40BB-B86E-6CC10FBFA2B3}
	EndGlobalSection
EndGlobal
